// !$*UTF8*$!
{
	archiveVersion = 1;
	classes = {
	};
	objectVersion = 50;
	objects = {

/* Begin PBXBuildFile section */
		6D0F162C2447331800A23907 /* HealthKit.framework in Frameworks */ = {isa = PBXBuildFile; fileRef = 6DF887F324376E0300BB7461 /* HealthKit.framework */; };
		6D0F1630244733AE00A23907 /* HealthKitSetupAssistant.swift in Sources */ = {isa = PBXBuildFile; fileRef = 6D0F162F244733AE00A23907 /* HealthKitSetupAssistant.swift */; };
		6D69E4C324363BC500D0FBAB /* HelloWatch WatchKit App.app in Embed Watch Content */ = {isa = PBXBuildFile; fileRef = 6D69E4C224363BC500D0FBAB /* HelloWatch WatchKit App.app */; settings = {ATTRIBUTES = (RemoveHeadersOnCopy, ); }; };
		6D69E4C924363BC500D0FBAB /* Interface.storyboard in Resources */ = {isa = PBXBuildFile; fileRef = 6D69E4C724363BC500D0FBAB /* Interface.storyboard */; };
		6D69E4CB24363BC600D0FBAB /* Assets.xcassets in Resources */ = {isa = PBXBuildFile; fileRef = 6D69E4CA24363BC600D0FBAB /* Assets.xcassets */; };
		6D69E4D224363BC600D0FBAB /* HelloWatch WatchKit Extension.appex in Embed App Extensions */ = {isa = PBXBuildFile; fileRef = 6D69E4D124363BC600D0FBAB /* HelloWatch WatchKit Extension.appex */; settings = {ATTRIBUTES = (RemoveHeadersOnCopy, ); }; };
		6D69E4D724363BC600D0FBAB /* InterfaceController.swift in Sources */ = {isa = PBXBuildFile; fileRef = 6D69E4D624363BC600D0FBAB /* InterfaceController.swift */; };
		6D69E4D924363BC600D0FBAB /* ExtensionDelegate.swift in Sources */ = {isa = PBXBuildFile; fileRef = 6D69E4D824363BC600D0FBAB /* ExtensionDelegate.swift */; };
		6D69E4DB24363BC600D0FBAB /* NotificationController.swift in Sources */ = {isa = PBXBuildFile; fileRef = 6D69E4DA24363BC600D0FBAB /* NotificationController.swift */; };
		6D69E4DD24363BC700D0FBAB /* Assets.xcassets in Resources */ = {isa = PBXBuildFile; fileRef = 6D69E4DC24363BC700D0FBAB /* Assets.xcassets */; };
/* End PBXBuildFile section */

/* Begin PBXContainerItemProxy section */
		6D69E4C424363BC500D0FBAB /* PBXContainerItemProxy */ = {
			isa = PBXContainerItemProxy;
			containerPortal = 6D69E4B824363BC400D0FBAB /* Project object */;
			proxyType = 1;
			remoteGlobalIDString = 6D69E4C124363BC500D0FBAB;
			remoteInfo = "HelloWatch WatchKit App";
		};
		6D69E4D324363BC600D0FBAB /* PBXContainerItemProxy */ = {
			isa = PBXContainerItemProxy;
			containerPortal = 6D69E4B824363BC400D0FBAB /* Project object */;
			proxyType = 1;
			remoteGlobalIDString = 6D69E4D024363BC600D0FBAB;
			remoteInfo = "HelloWatch WatchKit Extension";
		};
/* End PBXContainerItemProxy section */

/* Begin PBXCopyFilesBuildPhase section */
		6D69E4E524363BC700D0FBAB /* Embed App Extensions */ = {
			isa = PBXCopyFilesBuildPhase;
			buildActionMask = 2147483647;
			dstPath = "";
			dstSubfolderSpec = 13;
			files = (
				6D69E4D224363BC600D0FBAB /* HelloWatch WatchKit Extension.appex in Embed App Extensions */,
			);
			name = "Embed App Extensions";
			runOnlyForDeploymentPostprocessing = 0;
		};
		6D69E4E924363BC700D0FBAB /* Embed Watch Content */ = {
			isa = PBXCopyFilesBuildPhase;
			buildActionMask = 2147483647;
			dstPath = "$(CONTENTS_FOLDER_PATH)/Watch";
			dstSubfolderSpec = 16;
			files = (
				6D69E4C324363BC500D0FBAB /* HelloWatch WatchKit App.app in Embed Watch Content */,
			);
			name = "Embed Watch Content";
			runOnlyForDeploymentPostprocessing = 0;
		};
/* End PBXCopyFilesBuildPhase section */

/* Begin PBXFileReference section */
		6D0F162F244733AE00A23907 /* HealthKitSetupAssistant.swift */ = {isa = PBXFileReference; lastKnownFileType = sourcecode.swift; path = HealthKitSetupAssistant.swift; sourceTree = "<group>"; };
		6D0F16312447389B00A23907 /* HelloWatch WatchKit ExtensionDebug.entitlements */ = {isa = PBXFileReference; lastKnownFileType = text.plist.entitlements; path = "HelloWatch WatchKit ExtensionDebug.entitlements"; sourceTree = "<group>"; };
		6D69E4BE24363BC400D0FBAB /* HelloWatch.app */ = {isa = PBXFileReference; explicitFileType = wrapper.application; includeInIndex = 0; path = HelloWatch.app; sourceTree = BUILT_PRODUCTS_DIR; };
		6D69E4C224363BC500D0FBAB /* HelloWatch WatchKit App.app */ = {isa = PBXFileReference; explicitFileType = wrapper.application; includeInIndex = 0; path = "HelloWatch WatchKit App.app"; sourceTree = BUILT_PRODUCTS_DIR; };
		6D69E4C824363BC500D0FBAB /* Base */ = {isa = PBXFileReference; lastKnownFileType = file.storyboard; name = Base; path = Base.lproj/Interface.storyboard; sourceTree = "<group>"; };
		6D69E4CA24363BC600D0FBAB /* Assets.xcassets */ = {isa = PBXFileReference; lastKnownFileType = folder.assetcatalog; path = Assets.xcassets; sourceTree = "<group>"; };
		6D69E4CC24363BC600D0FBAB /* Info.plist */ = {isa = PBXFileReference; lastKnownFileType = text.plist.xml; path = Info.plist; sourceTree = "<group>"; };
		6D69E4D124363BC600D0FBAB /* HelloWatch WatchKit Extension.appex */ = {isa = PBXFileReference; explicitFileType = "wrapper.app-extension"; includeInIndex = 0; path = "HelloWatch WatchKit Extension.appex"; sourceTree = BUILT_PRODUCTS_DIR; };
		6D69E4D624363BC600D0FBAB /* InterfaceController.swift */ = {isa = PBXFileReference; lastKnownFileType = sourcecode.swift; path = InterfaceController.swift; sourceTree = "<group>"; };
		6D69E4D824363BC600D0FBAB /* ExtensionDelegate.swift */ = {isa = PBXFileReference; lastKnownFileType = sourcecode.swift; path = ExtensionDelegate.swift; sourceTree = "<group>"; };
		6D69E4DA24363BC600D0FBAB /* NotificationController.swift */ = {isa = PBXFileReference; lastKnownFileType = sourcecode.swift; path = NotificationController.swift; sourceTree = "<group>"; };
		6D69E4DC24363BC700D0FBAB /* Assets.xcassets */ = {isa = PBXFileReference; lastKnownFileType = folder.assetcatalog; path = Assets.xcassets; sourceTree = "<group>"; };
		6D69E4DE24363BC700D0FBAB /* Info.plist */ = {isa = PBXFileReference; lastKnownFileType = text.plist.xml; path = Info.plist; sourceTree = "<group>"; };
		6D69E4DF24363BC700D0FBAB /* PushNotificationPayload.apns */ = {isa = PBXFileReference; lastKnownFileType = text; path = PushNotificationPayload.apns; sourceTree = "<group>"; };
		6DF887F024376DF300BB7461 /* HelloWatch WatchKit AppRelease.entitlements */ = {isa = PBXFileReference; lastKnownFileType = text.plist.entitlements; path = "HelloWatch WatchKit AppRelease.entitlements"; sourceTree = "<group>"; };
		6DF887F124376E0300BB7461 /* HelloWatch WatchKit ExtensionRelease.entitlements */ = {isa = PBXFileReference; lastKnownFileType = text.plist.entitlements; path = "HelloWatch WatchKit ExtensionRelease.entitlements"; sourceTree = "<group>"; };
		6DF887F324376E0300BB7461 /* HealthKit.framework */ = {isa = PBXFileReference; lastKnownFileType = wrapper.framework; name = HealthKit.framework; path = Platforms/WatchOS.platform/Developer/SDKs/WatchOS6.1.sdk/System/Library/Frameworks/HealthKit.framework; sourceTree = DEVELOPER_DIR; };
/* End PBXFileReference section */

/* Begin PBXFrameworksBuildPhase section */
		6D69E4CE24363BC600D0FBAB /* Frameworks */ = {
			isa = PBXFrameworksBuildPhase;
			buildActionMask = 2147483647;
			files = (
				6D0F162C2447331800A23907 /* HealthKit.framework in Frameworks */,
			);
			runOnlyForDeploymentPostprocessing = 0;
		};
/* End PBXFrameworksBuildPhase section */

/* Begin PBXGroup section */
		6D69E4B724363BC400D0FBAB = {
			isa = PBXGroup;
			children = (
				6D69E4C624363BC500D0FBAB /* HelloWatch WatchKit App */,
				6D69E4D524363BC600D0FBAB /* HelloWatch WatchKit Extension */,
				6D69E4BF24363BC400D0FBAB /* Products */,
				6DF887F224376E0300BB7461 /* Frameworks */,
			);
			sourceTree = "<group>";
		};
		6D69E4BF24363BC400D0FBAB /* Products */ = {
			isa = PBXGroup;
			children = (
				6D69E4BE24363BC400D0FBAB /* HelloWatch.app */,
				6D69E4C224363BC500D0FBAB /* HelloWatch WatchKit App.app */,
				6D69E4D124363BC600D0FBAB /* HelloWatch WatchKit Extension.appex */,
			);
			name = Products;
			sourceTree = "<group>";
		};
		6D69E4C624363BC500D0FBAB /* HelloWatch WatchKit App */ = {
			isa = PBXGroup;
			children = (
				6DF887F024376DF300BB7461 /* HelloWatch WatchKit AppRelease.entitlements */,
				6D69E4C724363BC500D0FBAB /* Interface.storyboard */,
				6D69E4CA24363BC600D0FBAB /* Assets.xcassets */,
				6D69E4CC24363BC600D0FBAB /* Info.plist */,
			);
			path = "HelloWatch WatchKit App";
			sourceTree = "<group>";
		};
		6D69E4D524363BC600D0FBAB /* HelloWatch WatchKit Extension */ = {
			isa = PBXGroup;
			children = (
				6D0F16312447389B00A23907 /* HelloWatch WatchKit ExtensionDebug.entitlements */,
				6DF887F124376E0300BB7461 /* HelloWatch WatchKit ExtensionRelease.entitlements */,
				6D69E4D624363BC600D0FBAB /* InterfaceController.swift */,
				6D69E4D824363BC600D0FBAB /* ExtensionDelegate.swift */,
				6D69E4DA24363BC600D0FBAB /* NotificationController.swift */,
				6D69E4DC24363BC700D0FBAB /* Assets.xcassets */,
				6D69E4DE24363BC700D0FBAB /* Info.plist */,
				6D69E4DF24363BC700D0FBAB /* PushNotificationPayload.apns */,
				6D0F162F244733AE00A23907 /* HealthKitSetupAssistant.swift */,
			);
			path = "HelloWatch WatchKit Extension";
			sourceTree = "<group>";
		};
		6DF887F224376E0300BB7461 /* Frameworks */ = {
			isa = PBXGroup;
			children = (
				6DF887F324376E0300BB7461 /* HealthKit.framework */,
			);
			name = Frameworks;
			sourceTree = "<group>";
		};
/* End PBXGroup section */

/* Begin PBXNativeTarget section */
		6D69E4BD24363BC400D0FBAB /* HelloWatch */ = {
			isa = PBXNativeTarget;
			buildConfigurationList = 6D69E4EA24363BC700D0FBAB /* Build configuration list for PBXNativeTarget "HelloWatch" */;
			buildPhases = (
				6D69E4BC24363BC400D0FBAB /* Resources */,
				6D69E4E924363BC700D0FBAB /* Embed Watch Content */,
			);
			buildRules = (
			);
			dependencies = (
				6D69E4C524363BC500D0FBAB /* PBXTargetDependency */,
			);
			name = HelloWatch;
			productName = HelloWatch;
			productReference = 6D69E4BE24363BC400D0FBAB /* HelloWatch.app */;
			productType = "com.apple.product-type.application.watchapp2-container";
		};
		6D69E4C124363BC500D0FBAB /* HelloWatch WatchKit App */ = {
			isa = PBXNativeTarget;
			buildConfigurationList = 6D69E4E624363BC700D0FBAB /* Build configuration list for PBXNativeTarget "HelloWatch WatchKit App" */;
			buildPhases = (
				6D69E4C024363BC500D0FBAB /* Resources */,
				6D69E4E524363BC700D0FBAB /* Embed App Extensions */,
			);
			buildRules = (
			);
			dependencies = (
				6D69E4D424363BC600D0FBAB /* PBXTargetDependency */,
			);
			name = "HelloWatch WatchKit App";
			productName = "HelloWatch WatchKit App";
			productReference = 6D69E4C224363BC500D0FBAB /* HelloWatch WatchKit App.app */;
			productType = "com.apple.product-type.application.watchapp2";
		};
		6D69E4D024363BC600D0FBAB /* HelloWatch WatchKit Extension */ = {
			isa = PBXNativeTarget;
			buildConfigurationList = 6D69E4E224363BC700D0FBAB /* Build configuration list for PBXNativeTarget "HelloWatch WatchKit Extension" */;
			buildPhases = (
				6D69E4CD24363BC600D0FBAB /* Sources */,
				6D69E4CE24363BC600D0FBAB /* Frameworks */,
				6D69E4CF24363BC600D0FBAB /* Resources */,
			);
			buildRules = (
			);
			dependencies = (
			);
			name = "HelloWatch WatchKit Extension";
			productName = "HelloWatch WatchKit Extension";
			productReference = 6D69E4D124363BC600D0FBAB /* HelloWatch WatchKit Extension.appex */;
			productType = "com.apple.product-type.watchkit2-extension";
		};
/* End PBXNativeTarget section */

/* Begin PBXProject section */
		6D69E4B824363BC400D0FBAB /* Project object */ = {
			isa = PBXProject;
			attributes = {
				LastSwiftUpdateCheck = 1130;
				LastUpgradeCheck = 1130;
				ORGANIZATIONNAME = Wunderapps;
				TargetAttributes = {
					6D69E4BD24363BC400D0FBAB = {
						CreatedOnToolsVersion = 11.3.1;
						LastSwiftMigration = 1130;
					};
					6D69E4C124363BC500D0FBAB = {
						CreatedOnToolsVersion = 11.3.1;
						LastSwiftMigration = 1130;
					};
					6D69E4D024363BC600D0FBAB = {
						CreatedOnToolsVersion = 11.3.1;
					};
				};
			};
			buildConfigurationList = 6D69E4BB24363BC400D0FBAB /* Build configuration list for PBXProject "HelloWatch" */;
			compatibilityVersion = "Xcode 9.3";
			developmentRegion = en;
			hasScannedForEncodings = 0;
			knownRegions = (
				en,
				Base,
			);
			mainGroup = 6D69E4B724363BC400D0FBAB;
			productRefGroup = 6D69E4BF24363BC400D0FBAB /* Products */;
			projectDirPath = "";
			projectRoot = "";
			targets = (
				6D69E4BD24363BC400D0FBAB /* HelloWatch */,
				6D69E4C124363BC500D0FBAB /* HelloWatch WatchKit App */,
				6D69E4D024363BC600D0FBAB /* HelloWatch WatchKit Extension */,
			);
		};
/* End PBXProject section */

/* Begin PBXResourcesBuildPhase section */
		6D69E4BC24363BC400D0FBAB /* Resources */ = {
			isa = PBXResourcesBuildPhase;
			buildActionMask = 2147483647;
			files = (
			);
			runOnlyForDeploymentPostprocessing = 0;
		};
		6D69E4C024363BC500D0FBAB /* Resources */ = {
			isa = PBXResourcesBuildPhase;
			buildActionMask = 2147483647;
			files = (
				6D69E4CB24363BC600D0FBAB /* Assets.xcassets in Resources */,
				6D69E4C924363BC500D0FBAB /* Interface.storyboard in Resources */,
			);
			runOnlyForDeploymentPostprocessing = 0;
		};
		6D69E4CF24363BC600D0FBAB /* Resources */ = {
			isa = PBXResourcesBuildPhase;
			buildActionMask = 2147483647;
			files = (
				6D69E4DD24363BC700D0FBAB /* Assets.xcassets in Resources */,
			);
			runOnlyForDeploymentPostprocessing = 0;
		};
/* End PBXResourcesBuildPhase section */

/* Begin PBXSourcesBuildPhase section */
		6D69E4CD24363BC600D0FBAB /* Sources */ = {
			isa = PBXSourcesBuildPhase;
			buildActionMask = 2147483647;
			files = (
				6D69E4DB24363BC600D0FBAB /* NotificationController.swift in Sources */,
				6D0F1630244733AE00A23907 /* HealthKitSetupAssistant.swift in Sources */,
				6D69E4D924363BC600D0FBAB /* ExtensionDelegate.swift in Sources */,
				6D69E4D724363BC600D0FBAB /* InterfaceController.swift in Sources */,
			);
			runOnlyForDeploymentPostprocessing = 0;
		};
/* End PBXSourcesBuildPhase section */

/* Begin PBXTargetDependency section */
		6D69E4C524363BC500D0FBAB /* PBXTargetDependency */ = {
			isa = PBXTargetDependency;
			target = 6D69E4C124363BC500D0FBAB /* HelloWatch WatchKit App */;
			targetProxy = 6D69E4C424363BC500D0FBAB /* PBXContainerItemProxy */;
		};
		6D69E4D424363BC600D0FBAB /* PBXTargetDependency */ = {
			isa = PBXTargetDependency;
			target = 6D69E4D024363BC600D0FBAB /* HelloWatch WatchKit Extension */;
			targetProxy = 6D69E4D324363BC600D0FBAB /* PBXContainerItemProxy */;
		};
/* End PBXTargetDependency section */

/* Begin PBXVariantGroup section */
		6D69E4C724363BC500D0FBAB /* Interface.storyboard */ = {
			isa = PBXVariantGroup;
			children = (
				6D69E4C824363BC500D0FBAB /* Base */,
			);
			name = Interface.storyboard;
			sourceTree = "<group>";
		};
/* End PBXVariantGroup section */

/* Begin XCBuildConfiguration section */
		6D69E4E024363BC700D0FBAB /* Debug */ = {
			isa = XCBuildConfiguration;
			buildSettings = {
				ALWAYS_SEARCH_USER_PATHS = NO;
				CLANG_ANALYZER_NONNULL = YES;
				CLANG_ANALYZER_NUMBER_OBJECT_CONVERSION = YES_AGGRESSIVE;
				CLANG_CXX_LANGUAGE_STANDARD = "gnu++14";
				CLANG_CXX_LIBRARY = "libc++";
				CLANG_ENABLE_MODULES = YES;
				CLANG_ENABLE_OBJC_ARC = YES;
				CLANG_ENABLE_OBJC_WEAK = YES;
				CLANG_WARN_BLOCK_CAPTURE_AUTORELEASING = YES;
				CLANG_WARN_BOOL_CONVERSION = YES;
				CLANG_WARN_COMMA = YES;
				CLANG_WARN_CONSTANT_CONVERSION = YES;
				CLANG_WARN_DEPRECATED_OBJC_IMPLEMENTATIONS = YES;
				CLANG_WARN_DIRECT_OBJC_ISA_USAGE = YES_ERROR;
				CLANG_WARN_DOCUMENTATION_COMMENTS = YES;
				CLANG_WARN_EMPTY_BODY = YES;
				CLANG_WARN_ENUM_CONVERSION = YES;
				CLANG_WARN_INFINITE_RECURSION = YES;
				CLANG_WARN_INT_CONVERSION = YES;
				CLANG_WARN_NON_LITERAL_NULL_CONVERSION = YES;
				CLANG_WARN_OBJC_IMPLICIT_RETAIN_SELF = YES;
				CLANG_WARN_OBJC_LITERAL_CONVERSION = YES;
				CLANG_WARN_OBJC_ROOT_CLASS = YES_ERROR;
				CLANG_WARN_RANGE_LOOP_ANALYSIS = YES;
				CLANG_WARN_STRICT_PROTOTYPES = YES;
				CLANG_WARN_SUSPICIOUS_MOVE = YES;
				CLANG_WARN_UNGUARDED_AVAILABILITY = YES_AGGRESSIVE;
				CLANG_WARN_UNREACHABLE_CODE = YES;
				CLANG_WARN__DUPLICATE_METHOD_MATCH = YES;
				COPY_PHASE_STRIP = NO;
				DEBUG_INFORMATION_FORMAT = dwarf;
				ENABLE_STRICT_OBJC_MSGSEND = YES;
				ENABLE_TESTABILITY = YES;
				GCC_C_LANGUAGE_STANDARD = gnu11;
				GCC_DYNAMIC_NO_PIC = NO;
				GCC_NO_COMMON_BLOCKS = YES;
				GCC_OPTIMIZATION_LEVEL = 0;
				GCC_PREPROCESSOR_DEFINITIONS = (
					"DEBUG=1",
					"$(inherited)",
				);
				GCC_WARN_64_TO_32_BIT_CONVERSION = YES;
				GCC_WARN_ABOUT_RETURN_TYPE = YES_ERROR;
				GCC_WARN_UNDECLARED_SELECTOR = YES;
				GCC_WARN_UNINITIALIZED_AUTOS = YES_AGGRESSIVE;
				GCC_WARN_UNUSED_FUNCTION = YES;
				GCC_WARN_UNUSED_VARIABLE = YES;
				MTL_ENABLE_DEBUG_INFO = YES;
				MTL_FAST_MATH = YES;
				ONLY_ACTIVE_ARCH = YES;
				SDKROOT = iphoneos;
				SWIFT_ACTIVE_COMPILATION_CONDITIONS = DEBUG;
				SWIFT_OPTIMIZATION_LEVEL = "-Onone";
				W4T_BUNDLE_PREFIX = ch.wunderapps;
			};
			name = Debug;
		};
		6D69E4E124363BC700D0FBAB /* Release */ = {
			isa = XCBuildConfiguration;
			buildSettings = {
				ALWAYS_SEARCH_USER_PATHS = NO;
				CLANG_ANALYZER_NONNULL = YES;
				CLANG_ANALYZER_NUMBER_OBJECT_CONVERSION = YES_AGGRESSIVE;
				CLANG_CXX_LANGUAGE_STANDARD = "gnu++14";
				CLANG_CXX_LIBRARY = "libc++";
				CLANG_ENABLE_MODULES = YES;
				CLANG_ENABLE_OBJC_ARC = YES;
				CLANG_ENABLE_OBJC_WEAK = YES;
				CLANG_WARN_BLOCK_CAPTURE_AUTORELEASING = YES;
				CLANG_WARN_BOOL_CONVERSION = YES;
				CLANG_WARN_COMMA = YES;
				CLANG_WARN_CONSTANT_CONVERSION = YES;
				CLANG_WARN_DEPRECATED_OBJC_IMPLEMENTATIONS = YES;
				CLANG_WARN_DIRECT_OBJC_ISA_USAGE = YES_ERROR;
				CLANG_WARN_DOCUMENTATION_COMMENTS = YES;
				CLANG_WARN_EMPTY_BODY = YES;
				CLANG_WARN_ENUM_CONVERSION = YES;
				CLANG_WARN_INFINITE_RECURSION = YES;
				CLANG_WARN_INT_CONVERSION = YES;
				CLANG_WARN_NON_LITERAL_NULL_CONVERSION = YES;
				CLANG_WARN_OBJC_IMPLICIT_RETAIN_SELF = YES;
				CLANG_WARN_OBJC_LITERAL_CONVERSION = YES;
				CLANG_WARN_OBJC_ROOT_CLASS = YES_ERROR;
				CLANG_WARN_RANGE_LOOP_ANALYSIS = YES;
				CLANG_WARN_STRICT_PROTOTYPES = YES;
				CLANG_WARN_SUSPICIOUS_MOVE = YES;
				CLANG_WARN_UNGUARDED_AVAILABILITY = YES_AGGRESSIVE;
				CLANG_WARN_UNREACHABLE_CODE = YES;
				CLANG_WARN__DUPLICATE_METHOD_MATCH = YES;
				COPY_PHASE_STRIP = NO;
				DEBUG_INFORMATION_FORMAT = "dwarf-with-dsym";
				ENABLE_NS_ASSERTIONS = NO;
				ENABLE_STRICT_OBJC_MSGSEND = YES;
				GCC_C_LANGUAGE_STANDARD = gnu11;
				GCC_NO_COMMON_BLOCKS = YES;
				GCC_WARN_64_TO_32_BIT_CONVERSION = YES;
				GCC_WARN_ABOUT_RETURN_TYPE = YES_ERROR;
				GCC_WARN_UNDECLARED_SELECTOR = YES;
				GCC_WARN_UNINITIALIZED_AUTOS = YES_AGGRESSIVE;
				GCC_WARN_UNUSED_FUNCTION = YES;
				GCC_WARN_UNUSED_VARIABLE = YES;
				MTL_ENABLE_DEBUG_INFO = NO;
				MTL_FAST_MATH = YES;
				SDKROOT = iphoneos;
				SWIFT_COMPILATION_MODE = wholemodule;
				SWIFT_OPTIMIZATION_LEVEL = "-O";
				VALIDATE_PRODUCT = YES;
				W4T_BUNDLE_PREFIX = ch.wunderapps;
			};
			name = Release;
		};
		6D69E4E324363BC700D0FBAB /* Debug */ = {
			isa = XCBuildConfiguration;
			buildSettings = {
				ASSETCATALOG_COMPILER_COMPLICATION_NAME = Complication;
				CODE_SIGN_ENTITLEMENTS = "HelloWatch WatchKit Extension/HelloWatch WatchKit ExtensionDebug.entitlements";
				CODE_SIGN_STYLE = Automatic;
				DEVELOPMENT_TEAM = K532S7LL5T;
				INFOPLIST_FILE = "HelloWatch WatchKit Extension/Info.plist";
				LD_RUNPATH_SEARCH_PATHS = (
					"$(inherited)",
					"@executable_path/Frameworks",
					"@executable_path/../../Frameworks",
				);
				PRODUCT_BUNDLE_IDENTIFIER = ch.wunderapps.HelloWatch.watchkitapp.watchkitextension;
				PRODUCT_NAME = "${TARGET_NAME}";
				SDKROOT = watchos;
				SKIP_INSTALL = YES;
				SWIFT_VERSION = 5.0;
				TARGETED_DEVICE_FAMILY = 4;
				WATCHOS_DEPLOYMENT_TARGET = 6.1;
			};
			name = Debug;
		};
		6D69E4E424363BC700D0FBAB /* Release */ = {
			isa = XCBuildConfiguration;
			buildSettings = {
				ASSETCATALOG_COMPILER_COMPLICATION_NAME = Complication;
				CODE_SIGN_ENTITLEMENTS = "HelloWatch WatchKit Extension/HelloWatch WatchKit ExtensionRelease.entitlements";
				CODE_SIGN_STYLE = Automatic;
				DEVELOPMENT_TEAM = K532S7LL5T;
				INFOPLIST_FILE = "HelloWatch WatchKit Extension/Info.plist";
				LD_RUNPATH_SEARCH_PATHS = (
					"$(inherited)",
					"@executable_path/Frameworks",
					"@executable_path/../../Frameworks",
				);
				PRODUCT_BUNDLE_IDENTIFIER = ch.wunderapps.HelloWatch.watchkitapp.watchkitextension;
				PRODUCT_NAME = "${TARGET_NAME}";
				SDKROOT = watchos;
				SKIP_INSTALL = YES;
				SWIFT_VERSION = 5.0;
				TARGETED_DEVICE_FAMILY = 4;
				WATCHOS_DEPLOYMENT_TARGET = 6.1;
			};
			name = Release;
		};
		6D69E4E724363BC700D0FBAB /* Debug */ = {
			isa = XCBuildConfiguration;
			buildSettings = {
				ALWAYS_EMBED_SWIFT_STANDARD_LIBRARIES = YES;
				ASSETCATALOG_COMPILER_APPICON_NAME = AppIcon;
				CLANG_ENABLE_MODULES = YES;
				CODE_SIGN_STYLE = Automatic;
				DEVELOPMENT_TEAM = K532S7LL5T;
				IBSC_MODULE = HelloWatch_WatchKit_Extension;
				INFOPLIST_FILE = "HelloWatch WatchKit App/Info.plist";
				LD_RUNPATH_SEARCH_PATHS = (
					"$(inherited)",
					"@executable_path/../Frameworks",
					"@loader_path/../Frameworks",
				);
				PRODUCT_BUNDLE_IDENTIFIER = ch.wunderapps.HelloWatch.watchkitapp;
				PRODUCT_NAME = "$(TARGET_NAME)";
				SDKROOT = watchos;
				SKIP_INSTALL = YES;
				SWIFT_OPTIMIZATION_LEVEL = "-Onone";
				SWIFT_VERSION = 5.0;
				TARGETED_DEVICE_FAMILY = 4;
				WATCHOS_DEPLOYMENT_TARGET = 6.1;
			};
			name = Debug;
		};
		6D69E4E824363BC700D0FBAB /* Release */ = {
			isa = XCBuildConfiguration;
			buildSettings = {
				ALWAYS_EMBED_SWIFT_STANDARD_LIBRARIES = YES;
				ASSETCATALOG_COMPILER_APPICON_NAME = AppIcon;
				CLANG_ENABLE_MODULES = YES;
				CODE_SIGN_ENTITLEMENTS = "HelloWatch WatchKit App/HelloWatch WatchKit AppRelease.entitlements";
				CODE_SIGN_STYLE = Automatic;
				DEVELOPMENT_TEAM = K532S7LL5T;
				IBSC_MODULE = HelloWatch_WatchKit_Extension;
				INFOPLIST_FILE = "HelloWatch WatchKit App/Info.plist";
				LD_RUNPATH_SEARCH_PATHS = (
					"$(inherited)",
					"@executable_path/../Frameworks",
					"@loader_path/../Frameworks",
				);
				PRODUCT_BUNDLE_IDENTIFIER = ch.wunderapps.HelloWatch.watchkitapp;
				PRODUCT_NAME = "$(TARGET_NAME)";
				SDKROOT = watchos;
				SKIP_INSTALL = YES;
				SWIFT_VERSION = 5.0;
				TARGETED_DEVICE_FAMILY = 4;
				WATCHOS_DEPLOYMENT_TARGET = 6.1;
			};
			name = Release;
		};
		6D69E4EB24363BC700D0FBAB /* Debug */ = {
			isa = XCBuildConfiguration;
			buildSettings = {
				CLANG_ENABLE_MODULES = YES;
				CODE_SIGN_STYLE = Automatic;
				CURRENT_PROJECT_VERSION = 1;
				DEVELOPMENT_TEAM = K532S7LL5T;
				LD_RUNPATH_SEARCH_PATHS = (
					"$(inherited)",
					"@executable_path/Frameworks",
					"@loader_path/Frameworks",
				);
				MARKETING_VERSION = 1.0;
				PRODUCT_BUNDLE_IDENTIFIER = ch.wunderapps.HelloWatch;
				PRODUCT_NAME = "$(TARGET_NAME)";
				SDKROOT = iphoneos;
				SWIFT_OPTIMIZATION_LEVEL = "-Onone";
				SWIFT_VERSION = 5.0;
			};
			name = Debug;
		};
		6D69E4EC24363BC700D0FBAB /* Release */ = {
			isa = XCBuildConfiguration;
			buildSettings = {
				CLANG_ENABLE_MODULES = YES;
				CODE_SIGN_STYLE = Automatic;
				CURRENT_PROJECT_VERSION = 1;
				DEVELOPMENT_TEAM = K532S7LL5T;
				LD_RUNPATH_SEARCH_PATHS = (
					"$(inherited)",
					"@executable_path/Frameworks",
					"@loader_path/Frameworks",
				);
				MARKETING_VERSION = 1.0;
				PRODUCT_BUNDLE_IDENTIFIER = ch.wunderapps.HelloWatch;
				PRODUCT_NAME = "$(TARGET_NAME)";
				SDKROOT = iphoneos;
				SWIFT_VERSION = 5.0;
			};
			name = Release;
		};
/* End XCBuildConfiguration section */

/* Begin XCConfigurationList section */
		6D69E4BB24363BC400D0FBAB /* Build configuration list for PBXProject "HelloWatch" */ = {
			isa = XCConfigurationList;
			buildConfigurations = (
				6D69E4E024363BC700D0FBAB /* Debug */,
				6D69E4E124363BC700D0FBAB /* Release */,
			);
			defaultConfigurationIsVisible = 0;
			defaultConfigurationName = Release;
		};
		6D69E4E224363BC700D0FBAB /* Build configuration list for PBXNativeTarget "HelloWatch WatchKit Extension" */ = {
			isa = XCConfigurationList;
			buildConfigurations = (
				6D69E4E324363BC700D0FBAB /* Debug */,
				6D69E4E424363BC700D0FBAB /* Release */,
			);
			defaultConfigurationIsVisible = 0;
			defaultConfigurationName = Release;
		};
		6D69E4E624363BC700D0FBAB /* Build configuration list for PBXNativeTarget "HelloWatch WatchKit App" */ = {
			isa = XCConfigurationList;
			buildConfigurations = (
				6D69E4E724363BC700D0FBAB /* Debug */,
				6D69E4E824363BC700D0FBAB /* Release */,
			);
			defaultConfigurationIsVisible = 0;
			defaultConfigurationName = Release;
		};
		6D69E4EA24363BC700D0FBAB /* Build configuration list for PBXNativeTarget "HelloWatch" */ = {
			isa = XCConfigurationList;
			buildConfigurations = (
				6D69E4EB24363BC700D0FBAB /* Debug */,
				6D69E4EC24363BC700D0FBAB /* Release */,
			);
			defaultConfigurationIsVisible = 0;
			defaultConfigurationName = Release;
		};
/* End XCConfigurationList section */
	};
	rootObject = 6D69E4B824363BC400D0FBAB /* Project object */;
}
