// !$*UTF8*$!
{
	archiveVersion = 1;
	classes = {
	};
	objectVersion = 50;
	objects = {

/* Begin PBXBuildFile section */
		6DF888012439EEA100BB7461 /* WatchReactions WatchKit App.app in Embed Watch Content */ = {isa = PBXBuildFile; fileRef = 6DF888002439EEA100BB7461 /* WatchReactions WatchKit App.app */; settings = {ATTRIBUTES = (RemoveHeadersOnCopy, ); }; };
		6DF888072439EEA100BB7461 /* Interface.storyboard in Resources */ = {isa = PBXBuildFile; fileRef = 6DF888052439EEA100BB7461 /* Interface.storyboard */; };
		6DF888092439EEA200BB7461 /* Assets.xcassets in Resources */ = {isa = PBXBuildFile; fileRef = 6DF888082439EEA200BB7461 /* Assets.xcassets */; };
		6DF888102439EEA200BB7461 /* WatchReactions WatchKit Extension.appex in Embed App Extensions */ = {isa = PBXBuildFile; fileRef = 6DF8880F2439EEA200BB7461 /* WatchReactions WatchKit Extension.appex */; settings = {ATTRIBUTES = (RemoveHeadersOnCopy, ); }; };
		6DF888152439EEA200BB7461 /* InterfaceController.swift in Sources */ = {isa = PBXBuildFile; fileRef = 6DF888142439EEA200BB7461 /* InterfaceController.swift */; };
		6DF888172439EEA200BB7461 /* ExtensionDelegate.swift in Sources */ = {isa = PBXBuildFile; fileRef = 6DF888162439EEA200BB7461 /* ExtensionDelegate.swift */; };
		6DF888192439EEA200BB7461 /* Assets.xcassets in Resources */ = {isa = PBXBuildFile; fileRef = 6DF888182439EEA200BB7461 /* Assets.xcassets */; };
		6DF888292439F23E00BB7461 /* SoundPlaying.swift in Sources */ = {isa = PBXBuildFile; fileRef = 6DF888282439F23E00BB7461 /* SoundPlaying.swift */; };
		6DF8882D2439F59700BB7461 /* jodoga.mp3 in Resources */ = {isa = PBXBuildFile; fileRef = 6DF8882B2439F59700BB7461 /* jodoga.mp3 */; };
		6DF8882E2439F59700BB7461 /* tschuk.mp3 in Resources */ = {isa = PBXBuildFile; fileRef = 6DF8882C2439F59700BB7461 /* tschuk.mp3 */; };
/* End PBXBuildFile section */

/* Begin PBXContainerItemProxy section */
		6DF888022439EEA100BB7461 /* PBXContainerItemProxy */ = {
			isa = PBXContainerItemProxy;
			containerPortal = 6DF887F62439EEA000BB7461 /* Project object */;
			proxyType = 1;
			remoteGlobalIDString = 6DF887FF2439EEA100BB7461;
			remoteInfo = "WatchReactions WatchKit App";
		};
		6DF888112439EEA200BB7461 /* PBXContainerItemProxy */ = {
			isa = PBXContainerItemProxy;
			containerPortal = 6DF887F62439EEA000BB7461 /* Project object */;
			proxyType = 1;
			remoteGlobalIDString = 6DF8880E2439EEA200BB7461;
			remoteInfo = "WatchReactions WatchKit Extension";
		};
/* End PBXContainerItemProxy section */

/* Begin PBXCopyFilesBuildPhase section */
		6DF888202439EEA200BB7461 /* Embed App Extensions */ = {
			isa = PBXCopyFilesBuildPhase;
			buildActionMask = 2147483647;
			dstPath = "";
			dstSubfolderSpec = 13;
			files = (
				6DF888102439EEA200BB7461 /* WatchReactions WatchKit Extension.appex in Embed App Extensions */,
			);
			name = "Embed App Extensions";
			runOnlyForDeploymentPostprocessing = 0;
		};
		6DF888242439EEA200BB7461 /* Embed Watch Content */ = {
			isa = PBXCopyFilesBuildPhase;
			buildActionMask = 2147483647;
			dstPath = "$(CONTENTS_FOLDER_PATH)/Watch";
			dstSubfolderSpec = 16;
			files = (
				6DF888012439EEA100BB7461 /* WatchReactions WatchKit App.app in Embed Watch Content */,
			);
			name = "Embed Watch Content";
			runOnlyForDeploymentPostprocessing = 0;
		};
/* End PBXCopyFilesBuildPhase section */

/* Begin PBXFileReference section */
		6DF887FC2439EEA000BB7461 /* WatchReactions.app */ = {isa = PBXFileReference; explicitFileType = wrapper.application; includeInIndex = 0; path = WatchReactions.app; sourceTree = BUILT_PRODUCTS_DIR; };
		6DF888002439EEA100BB7461 /* WatchReactions WatchKit App.app */ = {isa = PBXFileReference; explicitFileType = wrapper.application; includeInIndex = 0; path = "WatchReactions WatchKit App.app"; sourceTree = BUILT_PRODUCTS_DIR; };
		6DF888062439EEA100BB7461 /* Base */ = {isa = PBXFileReference; lastKnownFileType = file.storyboard; name = Base; path = Base.lproj/Interface.storyboard; sourceTree = "<group>"; };
		6DF888082439EEA200BB7461 /* Assets.xcassets */ = {isa = PBXFileReference; lastKnownFileType = folder.assetcatalog; path = Assets.xcassets; sourceTree = "<group>"; };
		6DF8880A2439EEA200BB7461 /* Info.plist */ = {isa = PBXFileReference; lastKnownFileType = text.plist.xml; path = Info.plist; sourceTree = "<group>"; };
		6DF8880F2439EEA200BB7461 /* WatchReactions WatchKit Extension.appex */ = {isa = PBXFileReference; explicitFileType = "wrapper.app-extension"; includeInIndex = 0; path = "WatchReactions WatchKit Extension.appex"; sourceTree = BUILT_PRODUCTS_DIR; };
		6DF888142439EEA200BB7461 /* InterfaceController.swift */ = {isa = PBXFileReference; lastKnownFileType = sourcecode.swift; path = InterfaceController.swift; sourceTree = "<group>"; };
		6DF888162439EEA200BB7461 /* ExtensionDelegate.swift */ = {isa = PBXFileReference; lastKnownFileType = sourcecode.swift; path = ExtensionDelegate.swift; sourceTree = "<group>"; };
		6DF888182439EEA200BB7461 /* Assets.xcassets */ = {isa = PBXFileReference; lastKnownFileType = folder.assetcatalog; path = Assets.xcassets; sourceTree = "<group>"; };
		6DF8881A2439EEA200BB7461 /* Info.plist */ = {isa = PBXFileReference; lastKnownFileType = text.plist.xml; path = Info.plist; sourceTree = "<group>"; };
		6DF888282439F23E00BB7461 /* SoundPlaying.swift */ = {isa = PBXFileReference; lastKnownFileType = sourcecode.swift; path = SoundPlaying.swift; sourceTree = "<group>"; };
		6DF8882B2439F59700BB7461 /* jodoga.mp3 */ = {isa = PBXFileReference; lastKnownFileType = audio.mp3; path = jodoga.mp3; sourceTree = "<group>"; };
		6DF8882C2439F59700BB7461 /* tschuk.mp3 */ = {isa = PBXFileReference; lastKnownFileType = audio.mp3; path = tschuk.mp3; sourceTree = "<group>"; };
/* End PBXFileReference section */

/* Begin PBXFrameworksBuildPhase section */
		6DF8880C2439EEA200BB7461 /* Frameworks */ = {
			isa = PBXFrameworksBuildPhase;
			buildActionMask = 2147483647;
			files = (
			);
			runOnlyForDeploymentPostprocessing = 0;
		};
/* End PBXFrameworksBuildPhase section */

/* Begin PBXGroup section */
		6DF887F52439EEA000BB7461 = {
			isa = PBXGroup;
			children = (
				6DF888042439EEA100BB7461 /* WatchReactions WatchKit App */,
				6DF888132439EEA200BB7461 /* WatchReactions WatchKit Extension */,
				6DF887FD2439EEA000BB7461 /* Products */,
			);
			sourceTree = "<group>";
		};
		6DF887FD2439EEA000BB7461 /* Products */ = {
			isa = PBXGroup;
			children = (
				6DF887FC2439EEA000BB7461 /* WatchReactions.app */,
				6DF888002439EEA100BB7461 /* WatchReactions WatchKit App.app */,
				6DF8880F2439EEA200BB7461 /* WatchReactions WatchKit Extension.appex */,
			);
			name = Products;
			sourceTree = "<group>";
		};
		6DF888042439EEA100BB7461 /* WatchReactions WatchKit App */ = {
			isa = PBXGroup;
			children = (
				6DF888052439EEA100BB7461 /* Interface.storyboard */,
				6DF888082439EEA200BB7461 /* Assets.xcassets */,
				6DF8880A2439EEA200BB7461 /* Info.plist */,
			);
			path = "WatchReactions WatchKit App";
			sourceTree = "<group>";
		};
		6DF888132439EEA200BB7461 /* WatchReactions WatchKit Extension */ = {
			isa = PBXGroup;
			children = (
				6DF8882A2439F54400BB7461 /* Audio */,
				6DF888282439F23E00BB7461 /* SoundPlaying.swift */,
				6DF888142439EEA200BB7461 /* InterfaceController.swift */,
				6DF888162439EEA200BB7461 /* ExtensionDelegate.swift */,
				6DF888182439EEA200BB7461 /* Assets.xcassets */,
				6DF8881A2439EEA200BB7461 /* Info.plist */,
			);
			path = "WatchReactions WatchKit Extension";
			sourceTree = "<group>";
		};
		6DF8882A2439F54400BB7461 /* Audio */ = {
			isa = PBXGroup;
			children = (
				6DF8882B2439F59700BB7461 /* jodoga.mp3 */,
				6DF8882C2439F59700BB7461 /* tschuk.mp3 */,
			);
			path = Audio;
			sourceTree = "<group>";
		};
/* End PBXGroup section */

/* Begin PBXNativeTarget section */
		6DF887FB2439EEA000BB7461 /* WatchReactions */ = {
			isa = PBXNativeTarget;
			buildConfigurationList = 6DF888252439EEA200BB7461 /* Build configuration list for PBXNativeTarget "WatchReactions" */;
			buildPhases = (
				6DF887FA2439EEA000BB7461 /* Resources */,
				6DF888242439EEA200BB7461 /* Embed Watch Content */,
			);
			buildRules = (
			);
			dependencies = (
				6DF888032439EEA100BB7461 /* PBXTargetDependency */,
			);
			name = WatchReactions;
			productName = WatchReactions;
			productReference = 6DF887FC2439EEA000BB7461 /* WatchReactions.app */;
			productType = "com.apple.product-type.application.watchapp2-container";
		};
		6DF887FF2439EEA100BB7461 /* WatchReactions WatchKit App */ = {
			isa = PBXNativeTarget;
			buildConfigurationList = 6DF888212439EEA200BB7461 /* Build configuration list for PBXNativeTarget "WatchReactions WatchKit App" */;
			buildPhases = (
				6DF887FE2439EEA100BB7461 /* Resources */,
				6DF888202439EEA200BB7461 /* Embed App Extensions */,
			);
			buildRules = (
			);
			dependencies = (
				6DF888122439EEA200BB7461 /* PBXTargetDependency */,
			);
			name = "WatchReactions WatchKit App";
			productName = "WatchReactions WatchKit App";
			productReference = 6DF888002439EEA100BB7461 /* WatchReactions WatchKit App.app */;
			productType = "com.apple.product-type.application.watchapp2";
		};
		6DF8880E2439EEA200BB7461 /* WatchReactions WatchKit Extension */ = {
			isa = PBXNativeTarget;
			buildConfigurationList = 6DF8881D2439EEA200BB7461 /* Build configuration list for PBXNativeTarget "WatchReactions WatchKit Extension" */;
			buildPhases = (
				6DF8880B2439EEA200BB7461 /* Sources */,
				6DF8880C2439EEA200BB7461 /* Frameworks */,
				6DF8880D2439EEA200BB7461 /* Resources */,
			);
			buildRules = (
			);
			dependencies = (
			);
			name = "WatchReactions WatchKit Extension";
			productName = "WatchReactions WatchKit Extension";
			productReference = 6DF8880F2439EEA200BB7461 /* WatchReactions WatchKit Extension.appex */;
			productType = "com.apple.product-type.watchkit2-extension";
		};
/* End PBXNativeTarget section */

/* Begin PBXProject section */
		6DF887F62439EEA000BB7461 /* Project object */ = {
			isa = PBXProject;
			attributes = {
				LastSwiftUpdateCheck = 1130;
				LastUpgradeCheck = 1130;
				ORGANIZATIONNAME = Wunderapps;
				TargetAttributes = {
					6DF887FB2439EEA000BB7461 = {
						CreatedOnToolsVersion = 11.3.1;
					};
					6DF887FF2439EEA100BB7461 = {
						CreatedOnToolsVersion = 11.3.1;
					};
					6DF8880E2439EEA200BB7461 = {
						CreatedOnToolsVersion = 11.3.1;
					};
				};
			};
			buildConfigurationList = 6DF887F92439EEA000BB7461 /* Build configuration list for PBXProject "WatchReactions" */;
			compatibilityVersion = "Xcode 9.3";
			developmentRegion = en;
			hasScannedForEncodings = 0;
			knownRegions = (
				en,
				Base,
			);
			mainGroup = 6DF887F52439EEA000BB7461;
			productRefGroup = 6DF887FD2439EEA000BB7461 /* Products */;
			projectDirPath = "";
			projectRoot = "";
			targets = (
				6DF887FB2439EEA000BB7461 /* WatchReactions */,
				6DF887FF2439EEA100BB7461 /* WatchReactions WatchKit App */,
				6DF8880E2439EEA200BB7461 /* WatchReactions WatchKit Extension */,
			);
		};
/* End PBXProject section */

/* Begin PBXResourcesBuildPhase section */
		6DF887FA2439EEA000BB7461 /* Resources */ = {
			isa = PBXResourcesBuildPhase;
			buildActionMask = 2147483647;
			files = (
			);
			runOnlyForDeploymentPostprocessing = 0;
		};
		6DF887FE2439EEA100BB7461 /* Resources */ = {
			isa = PBXResourcesBuildPhase;
			buildActionMask = 2147483647;
			files = (
				6DF888092439EEA200BB7461 /* Assets.xcassets in Resources */,
				6DF888072439EEA100BB7461 /* Interface.storyboard in Resources */,
			);
			runOnlyForDeploymentPostprocessing = 0;
		};
		6DF8880D2439EEA200BB7461 /* Resources */ = {
			isa = PBXResourcesBuildPhase;
			buildActionMask = 2147483647;
			files = (
				6DF8882D2439F59700BB7461 /* jodoga.mp3 in Resources */,
				6DF8882E2439F59700BB7461 /* tschuk.mp3 in Resources */,
				6DF888192439EEA200BB7461 /* Assets.xcassets in Resources */,
			);
			runOnlyForDeploymentPostprocessing = 0;
		};
/* End PBXResourcesBuildPhase section */

/* Begin PBXSourcesBuildPhase section */
		6DF8880B2439EEA200BB7461 /* Sources */ = {
			isa = PBXSourcesBuildPhase;
			buildActionMask = 2147483647;
			files = (
				6DF888172439EEA200BB7461 /* ExtensionDelegate.swift in Sources */,
				6DF888292439F23E00BB7461 /* SoundPlaying.swift in Sources */,
				6DF888152439EEA200BB7461 /* InterfaceController.swift in Sources */,
			);
			runOnlyForDeploymentPostprocessing = 0;
		};
/* End PBXSourcesBuildPhase section */

/* Begin PBXTargetDependency section */
		6DF888032439EEA100BB7461 /* PBXTargetDependency */ = {
			isa = PBXTargetDependency;
			target = 6DF887FF2439EEA100BB7461 /* WatchReactions WatchKit App */;
			targetProxy = 6DF888022439EEA100BB7461 /* PBXContainerItemProxy */;
		};
		6DF888122439EEA200BB7461 /* PBXTargetDependency */ = {
			isa = PBXTargetDependency;
			target = 6DF8880E2439EEA200BB7461 /* WatchReactions WatchKit Extension */;
			targetProxy = 6DF888112439EEA200BB7461 /* PBXContainerItemProxy */;
		};
/* End PBXTargetDependency section */

/* Begin PBXVariantGroup section */
		6DF888052439EEA100BB7461 /* Interface.storyboard */ = {
			isa = PBXVariantGroup;
			children = (
				6DF888062439EEA100BB7461 /* Base */,
			);
			name = Interface.storyboard;
			sourceTree = "<group>";
		};
/* End PBXVariantGroup section */

/* Begin XCBuildConfiguration section */
		6DF8881B2439EEA200BB7461 /* Debug */ = {
			isa = XCBuildConfiguration;
			buildSettings = {
				ALWAYS_SEARCH_USER_PATHS = NO;
				CLANG_ANALYZER_NONNULL = YES;
				CLANG_ANALYZER_NUMBER_OBJECT_CONVERSION = YES_AGGRESSIVE;
				CLANG_CXX_LANGUAGE_STANDARD = "gnu++14";
				CLANG_CXX_LIBRARY = "libc++";
				CLANG_ENABLE_MODULES = YES;
				CLANG_ENABLE_OBJC_ARC = YES;
				CLANG_ENABLE_OBJC_WEAK = YES;
				CLANG_WARN_BLOCK_CAPTURE_AUTORELEASING = YES;
				CLANG_WARN_BOOL_CONVERSION = YES;
				CLANG_WARN_COMMA = YES;
				CLANG_WARN_CONSTANT_CONVERSION = YES;
				CLANG_WARN_DEPRECATED_OBJC_IMPLEMENTATIONS = YES;
				CLANG_WARN_DIRECT_OBJC_ISA_USAGE = YES_ERROR;
				CLANG_WARN_DOCUMENTATION_COMMENTS = YES;
				CLANG_WARN_EMPTY_BODY = YES;
				CLANG_WARN_ENUM_CONVERSION = YES;
				CLANG_WARN_INFINITE_RECURSION = YES;
				CLANG_WARN_INT_CONVERSION = YES;
				CLANG_WARN_NON_LITERAL_NULL_CONVERSION = YES;
				CLANG_WARN_OBJC_IMPLICIT_RETAIN_SELF = YES;
				CLANG_WARN_OBJC_LITERAL_CONVERSION = YES;
				CLANG_WARN_OBJC_ROOT_CLASS = YES_ERROR;
				CLANG_WARN_RANGE_LOOP_ANALYSIS = YES;
				CLANG_WARN_STRICT_PROTOTYPES = YES;
				CLANG_WARN_SUSPICIOUS_MOVE = YES;
				CLANG_WARN_UNGUARDED_AVAILABILITY = YES_AGGRESSIVE;
				CLANG_WARN_UNREACHABLE_CODE = YES;
				CLANG_WARN__DUPLICATE_METHOD_MATCH = YES;
				COPY_PHASE_STRIP = NO;
				DEBUG_INFORMATION_FORMAT = dwarf;
				ENABLE_STRICT_OBJC_MSGSEND = YES;
				ENABLE_TESTABILITY = YES;
				GCC_C_LANGUAGE_STANDARD = gnu11;
				GCC_DYNAMIC_NO_PIC = NO;
				GCC_NO_COMMON_BLOCKS = YES;
				GCC_OPTIMIZATION_LEVEL = 0;
				GCC_PREPROCESSOR_DEFINITIONS = (
					"DEBUG=1",
					"$(inherited)",
				);
				GCC_WARN_64_TO_32_BIT_CONVERSION = YES;
				GCC_WARN_ABOUT_RETURN_TYPE = YES_ERROR;
				GCC_WARN_UNDECLARED_SELECTOR = YES;
				GCC_WARN_UNINITIALIZED_AUTOS = YES_AGGRESSIVE;
				GCC_WARN_UNUSED_FUNCTION = YES;
				GCC_WARN_UNUSED_VARIABLE = YES;
				MTL_ENABLE_DEBUG_INFO = INCLUDE_SOURCE;
				MTL_FAST_MATH = YES;
				ONLY_ACTIVE_ARCH = YES;
				SDKROOT = iphoneos;
				SWIFT_ACTIVE_COMPILATION_CONDITIONS = DEBUG;
				SWIFT_OPTIMIZATION_LEVEL = "-Onone";
			};
			name = Debug;
		};
		6DF8881C2439EEA200BB7461 /* Release */ = {
			isa = XCBuildConfiguration;
			buildSettings = {
				ALWAYS_SEARCH_USER_PATHS = NO;
				CLANG_ANALYZER_NONNULL = YES;
				CLANG_ANALYZER_NUMBER_OBJECT_CONVERSION = YES_AGGRESSIVE;
				CLANG_CXX_LANGUAGE_STANDARD = "gnu++14";
				CLANG_CXX_LIBRARY = "libc++";
				CLANG_ENABLE_MODULES = YES;
				CLANG_ENABLE_OBJC_ARC = YES;
				CLANG_ENABLE_OBJC_WEAK = YES;
				CLANG_WARN_BLOCK_CAPTURE_AUTORELEASING = YES;
				CLANG_WARN_BOOL_CONVERSION = YES;
				CLANG_WARN_COMMA = YES;
				CLANG_WARN_CONSTANT_CONVERSION = YES;
				CLANG_WARN_DEPRECATED_OBJC_IMPLEMENTATIONS = YES;
				CLANG_WARN_DIRECT_OBJC_ISA_USAGE = YES_ERROR;
				CLANG_WARN_DOCUMENTATION_COMMENTS = YES;
				CLANG_WARN_EMPTY_BODY = YES;
				CLANG_WARN_ENUM_CONVERSION = YES;
				CLANG_WARN_INFINITE_RECURSION = YES;
				CLANG_WARN_INT_CONVERSION = YES;
				CLANG_WARN_NON_LITERAL_NULL_CONVERSION = YES;
				CLANG_WARN_OBJC_IMPLICIT_RETAIN_SELF = YES;
				CLANG_WARN_OBJC_LITERAL_CONVERSION = YES;
				CLANG_WARN_OBJC_ROOT_CLASS = YES_ERROR;
				CLANG_WARN_RANGE_LOOP_ANALYSIS = YES;
				CLANG_WARN_STRICT_PROTOTYPES = YES;
				CLANG_WARN_SUSPICIOUS_MOVE = YES;
				CLANG_WARN_UNGUARDED_AVAILABILITY = YES_AGGRESSIVE;
				CLANG_WARN_UNREACHABLE_CODE = YES;
				CLANG_WARN__DUPLICATE_METHOD_MATCH = YES;
				COPY_PHASE_STRIP = NO;
				DEBUG_INFORMATION_FORMAT = "dwarf-with-dsym";
				ENABLE_NS_ASSERTIONS = NO;
				ENABLE_STRICT_OBJC_MSGSEND = YES;
				GCC_C_LANGUAGE_STANDARD = gnu11;
				GCC_NO_COMMON_BLOCKS = YES;
				GCC_WARN_64_TO_32_BIT_CONVERSION = YES;
				GCC_WARN_ABOUT_RETURN_TYPE = YES_ERROR;
				GCC_WARN_UNDECLARED_SELECTOR = YES;
				GCC_WARN_UNINITIALIZED_AUTOS = YES_AGGRESSIVE;
				GCC_WARN_UNUSED_FUNCTION = YES;
				GCC_WARN_UNUSED_VARIABLE = YES;
				MTL_ENABLE_DEBUG_INFO = NO;
				MTL_FAST_MATH = YES;
				SDKROOT = iphoneos;
				SWIFT_COMPILATION_MODE = wholemodule;
				SWIFT_OPTIMIZATION_LEVEL = "-O";
				VALIDATE_PRODUCT = YES;
			};
			name = Release;
		};
		6DF8881E2439EEA200BB7461 /* Debug */ = {
			isa = XCBuildConfiguration;
			buildSettings = {
				ASSETCATALOG_COMPILER_COMPLICATION_NAME = Complication;
				CODE_SIGN_STYLE = Automatic;
				INFOPLIST_FILE = "WatchReactions WatchKit Extension/Info.plist";
				LD_RUNPATH_SEARCH_PATHS = (
					"$(inherited)",
					"@executable_path/Frameworks",
					"@executable_path/../../Frameworks",
				);
				PRODUCT_BUNDLE_IDENTIFIER = ch.wunderapps.WatchReactions.watchkitapp.watchkitextension;
				PRODUCT_NAME = "${TARGET_NAME}";
				SDKROOT = watchos;
				SKIP_INSTALL = YES;
				SWIFT_VERSION = 5.0;
				TARGETED_DEVICE_FAMILY = 4;
				WATCHOS_DEPLOYMENT_TARGET = 6.1;
			};
			name = Debug;
		};
		6DF8881F2439EEA200BB7461 /* Release */ = {
			isa = XCBuildConfiguration;
			buildSettings = {
				ASSETCATALOG_COMPILER_COMPLICATION_NAME = Complication;
				CODE_SIGN_STYLE = Automatic;
				INFOPLIST_FILE = "WatchReactions WatchKit Extension/Info.plist";
				LD_RUNPATH_SEARCH_PATHS = (
					"$(inherited)",
					"@executable_path/Frameworks",
					"@executable_path/../../Frameworks",
				);
				PRODUCT_BUNDLE_IDENTIFIER = ch.wunderapps.WatchReactions.watchkitapp.watchkitextension;
				PRODUCT_NAME = "${TARGET_NAME}";
				SDKROOT = watchos;
				SKIP_INSTALL = YES;
				SWIFT_VERSION = 5.0;
				TARGETED_DEVICE_FAMILY = 4;
				WATCHOS_DEPLOYMENT_TARGET = 6.1;
			};
			name = Release;
		};
		6DF888222439EEA200BB7461 /* Debug */ = {
			isa = XCBuildConfiguration;
			buildSettings = {
				ALWAYS_EMBED_SWIFT_STANDARD_LIBRARIES = YES;
				ASSETCATALOG_COMPILER_APPICON_NAME = AppIcon;
				CODE_SIGN_STYLE = Automatic;
				IBSC_MODULE = WatchReactions_WatchKit_Extension;
				INFOPLIST_FILE = "WatchReactions WatchKit App/Info.plist";
				PRODUCT_BUNDLE_IDENTIFIER = ch.wunderapps.WatchReactions.watchkitapp;
				PRODUCT_NAME = "$(TARGET_NAME)";
				SDKROOT = watchos;
				SKIP_INSTALL = YES;
				SWIFT_VERSION = 5.0;
				TARGETED_DEVICE_FAMILY = 4;
				WATCHOS_DEPLOYMENT_TARGET = 6.1;
			};
			name = Debug;
		};
		6DF888232439EEA200BB7461 /* Release */ = {
			isa = XCBuildConfiguration;
			buildSettings = {
				ALWAYS_EMBED_SWIFT_STANDARD_LIBRARIES = YES;
				ASSETCATALOG_COMPILER_APPICON_NAME = AppIcon;
				CODE_SIGN_STYLE = Automatic;
				IBSC_MODULE = WatchReactions_WatchKit_Extension;
				INFOPLIST_FILE = "WatchReactions WatchKit App/Info.plist";
				PRODUCT_BUNDLE_IDENTIFIER = ch.wunderapps.WatchReactions.watchkitapp;
				PRODUCT_NAME = "$(TARGET_NAME)";
				SDKROOT = watchos;
				SKIP_INSTALL = YES;
				SWIFT_VERSION = 5.0;
				TARGETED_DEVICE_FAMILY = 4;
				WATCHOS_DEPLOYMENT_TARGET = 6.1;
			};
			name = Release;
		};
		6DF888262439EEA200BB7461 /* Debug */ = {
			isa = XCBuildConfiguration;
			buildSettings = {
				CODE_SIGN_IDENTITY = "Apple Development";
				CODE_SIGN_STYLE = Automatic;
				CURRENT_PROJECT_VERSION = 1;
				DEVELOPMENT_TEAM = K532S7LL5T;
				MARKETING_VERSION = 1.0;
				PRODUCT_BUNDLE_IDENTIFIER = ch.wunderapps.WatchReactions;
				PRODUCT_NAME = "$(TARGET_NAME)";
				PROVISIONING_PROFILE_SPECIFIER = "";
				SWIFT_VERSION = 5.0;
			};
			name = Debug;
		};
		6DF888272439EEA200BB7461 /* Release */ = {
			isa = XCBuildConfiguration;
			buildSettings = {
				CODE_SIGN_IDENTITY = "Apple Development";
				CODE_SIGN_STYLE = Automatic;
				CURRENT_PROJECT_VERSION = 1;
				DEVELOPMENT_TEAM = K532S7LL5T;
				MARKETING_VERSION = 1.0;
				PRODUCT_BUNDLE_IDENTIFIER = ch.wunderapps.WatchReactions;
				PRODUCT_NAME = "$(TARGET_NAME)";
				PROVISIONING_PROFILE_SPECIFIER = "";
				SWIFT_VERSION = 5.0;
			};
			name = Release;
		};
/* End XCBuildConfiguration section */

/* Begin XCConfigurationList section */
		6DF887F92439EEA000BB7461 /* Build configuration list for PBXProject "WatchReactions" */ = {
			isa = XCConfigurationList;
			buildConfigurations = (
				6DF8881B2439EEA200BB7461 /* Debug */,
				6DF8881C2439EEA200BB7461 /* Release */,
			);
			defaultConfigurationIsVisible = 0;
			defaultConfigurationName = Release;
		};
		6DF8881D2439EEA200BB7461 /* Build configuration list for PBXNativeTarget "WatchReactions WatchKit Extension" */ = {
			isa = XCConfigurationList;
			buildConfigurations = (
				6DF8881E2439EEA200BB7461 /* Debug */,
				6DF8881F2439EEA200BB7461 /* Release */,
			);
			defaultConfigurationIsVisible = 0;
			defaultConfigurationName = Release;
		};
		6DF888212439EEA200BB7461 /* Build configuration list for PBXNativeTarget "WatchReactions WatchKit App" */ = {
			isa = XCConfigurationList;
			buildConfigurations = (
				6DF888222439EEA200BB7461 /* Debug */,
				6DF888232439EEA200BB7461 /* Release */,
			);
			defaultConfigurationIsVisible = 0;
			defaultConfigurationName = Release;
		};
		6DF888252439EEA200BB7461 /* Build configuration list for PBXNativeTarget "WatchReactions" */ = {
			isa = XCConfigurationList;
			buildConfigurations = (
				6DF888262439EEA200BB7461 /* Debug */,
				6DF888272439EEA200BB7461 /* Release */,
			);
			defaultConfigurationIsVisible = 0;
			defaultConfigurationName = Release;
		};
/* End XCConfigurationList section */
	};
	rootObject = 6DF887F62439EEA000BB7461 /* Project object */;
}
